Microsoft Visual Studio Solution File, Format Version 7.00
Project("{8BC9CEB8-8B4A-11D0-8D11-00A0C91BC942}") = "AsdkSquareLib", "AsdkSquareLib.vcproj", "{D1309FA2-7FA6-4272-8A56-04E0D6DB8615}"
EndProject
Global
	GlobalSection(SolutionConfiguration) = preSolution
		ConfigName.0 = Debug
		ConfigName.1 = Release MinDependency
	EndGlobalSection
	GlobalSection(ProjectDependencies) = postSolution
	EndGlobalSection
	GlobalSection(ProjectConfiguration) = postSolution
		{D1309FA2-7FA6-4272-8A56-04E0D6DB8615}.Debug.ActiveCfg = Debug|Win32
		{D1309FA2-7FA6-4272-8A56-04E0D6DB8615}.Debug.Build.0 = Debug|Win32
		{D1309FA2-7FA6-4272-8A56-04E0D6DB8615}.Release MinDependency.ActiveCfg = Release MinDependency|Win32
		{D1309FA2-7FA6-4272-8A56-04E0D6DB8615}.Release MinDependency.Build.0 = Release MinDependency|Win32
	EndGlobalSection
	GlobalSection(ExtensibilityGlobals) = postSolution
	EndGlobalSection
	GlobalSection(ExtensibilityAddIns) = postSolution
	EndGlobalSection
EndGlobal
