Microsoft Visual Studio Solution File, Format Version 9.00
Project("{8BC9CEB8-8B4A-11D0-8D11-00A0C91BC942}") = "FileNav", "FileNav.vcproj", "{2536CA9A-4089-4155-AA7B-B081D1BBD996}"
EndProject
Global
	GlobalSection(SolutionConfiguration) = preSolution
		ConfigName.0 = Debug
		ConfigName.1 = Release
	EndGlobalSection
	GlobalSection(ProjectDependencies) = postSolution
	EndGlobalSection
	GlobalSection(ProjectConfiguration) = postSolution
		{2536CA9A-4089-4155-AA7B-B081D1BBD996}.Debug.ActiveCfg = Debug|Win32
		{2536CA9A-4089-4155-AA7B-B081D1BBD996}.Debug.Build.0 = Debug|Win32
		{2536CA9A-4089-4155-AA7B-B081D1BBD996}.Release.ActiveCfg = Release|Win32
		{2536CA9A-4089-4155-AA7B-B081D1BBD996}.Release.Build.0 = Release|Win32
	EndGlobalSection
	GlobalSection(ExtensibilityGlobals) = postSolution
	EndGlobalSection
	GlobalSection(ExtensibilityAddIns) = postSolution
	EndGlobalSection
EndGlobal
